
Microsoft Visual Studio Solution File, Format Version 12.00
# Visual Studio Version 17
VisualStudioVersion = 17.11.35327.3
MinimumVisualStudioVersion = 10.0.40219.1
Project("{54A90642-561A-4BB1-A94E-469ADEE60C69}") = "u21528790_HW01_Angular", "u21528790_HW01_Angular\u21528790_HW01_Angular.esproj", "{A3922168-8EFA-4375-B49E-915F7557DC40}"
EndProject
Global
	GlobalSection(SolutionConfigurationPlatforms) = preSolution
		Debug|Any CPU = Debug|Any CPU
		Release|Any CPU = Release|Any CPU
	EndGlobalSection
	GlobalSection(ProjectConfigurationPlatforms) = postSolution
		{A3922168-8EFA-4375-B49E-915F7557DC40}.Debug|Any CPU.ActiveCfg = Debug|Any CPU
		{A3922168-8EFA-4375-B49E-915F7557DC40}.Debug|Any CPU.Build.0 = Debug|Any CPU
		{A3922168-8EFA-4375-B49E-915F7557DC40}.Debug|Any CPU.Deploy.0 = Debug|Any CPU
		{A3922168-8EFA-4375-B49E-915F7557DC40}.Release|Any CPU.ActiveCfg = Release|Any CPU
		{A3922168-8EFA-4375-B49E-915F7557DC40}.Release|Any CPU.Build.0 = Release|Any CPU
		{A3922168-8EFA-4375-B49E-915F7557DC40}.Release|Any CPU.Deploy.0 = Release|Any CPU
	EndGlobalSection
	GlobalSection(SolutionProperties) = preSolution
		HideSolutionNode = FALSE
	EndGlobalSection
	GlobalSection(ExtensibilityGlobals) = postSolution
		SolutionGuid = {0B57ABE8-6996-41D3-B6F5-C108E28A82AB}
	EndGlobalSection
EndGlobal
